// !$*UTF8*$!
{
	archiveVersion = 1;
	classes = {
	};
	objectVersion = 46;
	objects = {

/* Begin PBXBuildFile section */
		733A27B21E95CC610079C4E7 /* AppDelegate.swift in Sources */ = {isa = PBXBuildFile; fileRef = 733A27B11E95CC610079C4E7 /* AppDelegate.swift */; };
		733A27B41E95CC610079C4E7 /* ViewController.swift in Sources */ = {isa = PBXBuildFile; fileRef = 733A27B31E95CC610079C4E7 /* ViewController.swift */; };
		733A27B71E95CC610079C4E7 /* Main.storyboard in Resources */ = {isa = PBXBuildFile; fileRef = 733A27B51E95CC610079C4E7 /* Main.storyboard */; };
		733A27BA1E95CC610079C4E7 /* Landing_Distance.xcdatamodeld in Sources */ = {isa = PBXBuildFile; fileRef = 733A27B81E95CC610079C4E7 /* Landing_Distance.xcdatamodeld */; };
		733A27BC1E95CC610079C4E7 /* Assets.xcassets in Resources */ = {isa = PBXBuildFile; fileRef = 733A27BB1E95CC610079C4E7 /* Assets.xcassets */; };
		733A27BF1E95CC610079C4E7 /* LaunchScreen.storyboard in Resources */ = {isa = PBXBuildFile; fileRef = 733A27BD1E95CC610079C4E7 /* LaunchScreen.storyboard */; };
/* End PBXBuildFile section */

/* Begin PBXFileReference section */
		733A27AE1E95CC610079C4E7 /* Landing Distance.app */ = {isa = PBXFileReference; explicitFileType = wrapper.application; includeInIndex = 0; path = "Landing Distance.app"; sourceTree = BUILT_PRODUCTS_DIR; };
		733A27B11E95CC610079C4E7 /* AppDelegate.swift */ = {isa = PBXFileReference; lastKnownFileType = sourcecode.swift; path = AppDelegate.swift; sourceTree = "<group>"; };
		733A27B31E95CC610079C4E7 /* ViewController.swift */ = {isa = PBXFileReference; lastKnownFileType = sourcecode.swift; path = ViewController.swift; sourceTree = "<group>"; };
		733A27B61E95CC610079C4E7 /* Base */ = {isa = PBXFileReference; lastKnownFileType = file.storyboard; name = Base; path = Base.lproj/Main.storyboard; sourceTree = "<group>"; };
		733A27B91E95CC610079C4E7 /* Landing_Distance.xcdatamodel */ = {isa = PBXFileReference; lastKnownFileType = wrapper.xcdatamodel; path = Landing_Distance.xcdatamodel; sourceTree = "<group>"; };
		733A27BB1E95CC610079C4E7 /* Assets.xcassets */ = {isa = PBXFileReference; lastKnownFileType = folder.assetcatalog; path = Assets.xcassets; sourceTree = "<group>"; };
		733A27BE1E95CC610079C4E7 /* Base */ = {isa = PBXFileReference; lastKnownFileType = file.storyboard; name = Base; path = Base.lproj/LaunchScreen.storyboard; sourceTree = "<group>"; };
		733A27C01E95CC610079C4E7 /* Info.plist */ = {isa = PBXFileReference; lastKnownFileType = text.plist.xml; path = Info.plist; sourceTree = "<group>"; };
/* End PBXFileReference section */

/* Begin PBXFrameworksBuildPhase section */
		733A27AB1E95CC610079C4E7 /* Frameworks */ = {
			isa = PBXFrameworksBuildPhase;
			buildActionMask = 2147483647;
			files = (
			);
			runOnlyForDeploymentPostprocessing = 0;
		};
/* End PBXFrameworksBuildPhase section */

/* Begin PBXGroup section */
		733A27A51E95CC610079C4E7 = {
			isa = PBXGroup;
			children = (
				733A27B01E95CC610079C4E7 /* Landing Distance */,
				733A27AF1E95CC610079C4E7 /* Products */,
			);
			sourceTree = "<group>";
		};
		733A27AF1E95CC610079C4E7 /* Products */ = {
			isa = PBXGroup;
			children = (
				733A27AE1E95CC610079C4E7 /* Landing Distance.app */,
			);
			name = Products;
			sourceTree = "<group>";
		};
		733A27B01E95CC610079C4E7 /* Landing Distance */ = {
			isa = PBXGroup;
			children = (
				733A27B11E95CC610079C4E7 /* AppDelegate.swift */,
				733A27B31E95CC610079C4E7 /* ViewController.swift */,
				733A27B51E95CC610079C4E7 /* Main.storyboard */,
				733A27BB1E95CC610079C4E7 /* Assets.xcassets */,
				733A27BD1E95CC610079C4E7 /* LaunchScreen.storyboard */,
				733A27C01E95CC610079C4E7 /* Info.plist */,
				733A27B81E95CC610079C4E7 /* Landing_Distance.xcdatamodeld */,
			);
			path = "Landing Distance";
			sourceTree = "<group>";
		};
/* End PBXGroup section */

/* Begin PBXNativeTarget section */
		733A27AD1E95CC610079C4E7 /* Landing Distance */ = {
			isa = PBXNativeTarget;
			buildConfigurationList = 733A27C31E95CC610079C4E7 /* Build configuration list for PBXNativeTarget "Landing Distance" */;
			buildPhases = (
				733A27AA1E95CC610079C4E7 /* Sources */,
				733A27AB1E95CC610079C4E7 /* Frameworks */,
				733A27AC1E95CC610079C4E7 /* Resources */,
			);
			buildRules = (
			);
			dependencies = (
			);
			name = "Landing Distance";
			productName = "Landing Distance";
			productReference = 733A27AE1E95CC610079C4E7 /* Landing Distance.app */;
			productType = "com.apple.product-type.application";
		};
/* End PBXNativeTarget section */

/* Begin PBXProject section */
		733A27A61E95CC610079C4E7 /* Project object */ = {
			isa = PBXProject;
			attributes = {
				LastSwiftUpdateCheck = 0830;
				LastUpgradeCheck = 0830;
				ORGANIZATIONNAME = "Clarke Enterprises";
				TargetAttributes = {
					733A27AD1E95CC610079C4E7 = {
						CreatedOnToolsVersion = 8.3;
						DevelopmentTeam = F75BW287FH;
						ProvisioningStyle = Automatic;
					};
				};
			};
			buildConfigurationList = 733A27A91E95CC610079C4E7 /* Build configuration list for PBXProject "Landing Distance" */;
			compatibilityVersion = "Xcode 3.2";
			developmentRegion = English;
			hasScannedForEncodings = 0;
			knownRegions = (
				en,
				Base,
			);
			mainGroup = 733A27A51E95CC610079C4E7;
			productRefGroup = 733A27AF1E95CC610079C4E7 /* Products */;
			projectDirPath = "";
			projectRoot = "";
			targets = (
				733A27AD1E95CC610079C4E7 /* Landing Distance */,
			);
		};
/* End PBXProject section */

/* Begin PBXResourcesBuildPhase section */
		733A27AC1E95CC610079C4E7 /* Resources */ = {
			isa = PBXResourcesBuildPhase;
			buildActionMask = 2147483647;
			files = (
				733A27BF1E95CC610079C4E7 /* LaunchScreen.storyboard in Resources */,
				733A27BC1E95CC610079C4E7 /* Assets.xcassets in Resources */,
				733A27B71E95CC610079C4E7 /* Main.storyboard in Resources */,
			);
			runOnlyForDeploymentPostprocessing = 0;
		};
/* End PBXResourcesBuildPhase section */

/* Begin PBXSourcesBuildPhase section */
		733A27AA1E95CC610079C4E7 /* Sources */ = {
			isa = PBXSourcesBuildPhase;
			buildActionMask = 2147483647;
			files = (
				733A27BA1E95CC610079C4E7 /* Landing_Distance.xcdatamodeld in Sources */,
				733A27B41E95CC610079C4E7 /* ViewController.swift in Sources */,
				733A27B21E95CC610079C4E7 /* AppDelegate.swift in Sources */,
			);
			runOnlyForDeploymentPostprocessing = 0;
		};
/* End PBXSourcesBuildPhase section */

/* Begin PBXVariantGroup section */
		733A27B51E95CC610079C4E7 /* Main.storyboard */ = {
			isa = PBXVariantGroup;
			children = (
				733A27B61E95CC610079C4E7 /* Base */,
			);
			name = Main.storyboard;
			sourceTree = "<group>";
		};
		733A27BD1E95CC610079C4E7 /* LaunchScreen.storyboard */ = {
			isa = PBXVariantGroup;
			children = (
				733A27BE1E95CC610079C4E7 /* Base */,
			);
			name = LaunchScreen.storyboard;
			sourceTree = "<group>";
		};
/* End PBXVariantGroup section */

/* Begin XCBuildConfiguration section */
		733A27C11E95CC610079C4E7 /* Debug */ = {
			isa = XCBuildConfiguration;
			buildSettings = {
				ALWAYS_SEARCH_USER_PATHS = NO;
				CLANG_ANALYZER_NONNULL = YES;
				CLANG_ANALYZER_NUMBER_OBJECT_CONVERSION = YES_AGGRESSIVE;
				CLANG_CXX_LANGUAGE_STANDARD = "gnu++0x";
				CLANG_CXX_LIBRARY = "libc++";
				CLANG_ENABLE_MODULES = YES;
				CLANG_ENABLE_OBJC_ARC = YES;
				CLANG_WARN_BOOL_CONVERSION = YES;
				CLANG_WARN_CONSTANT_CONVERSION = YES;
				CLANG_WARN_DIRECT_OBJC_ISA_USAGE = YES_ERROR;
				CLANG_WARN_DOCUMENTATION_COMMENTS = YES;
				CLANG_WARN_EMPTY_BODY = YES;
				CLANG_WARN_ENUM_CONVERSION = YES;
				CLANG_WARN_INFINITE_RECURSION = YES;
				CLANG_WARN_INT_CONVERSION = YES;
				CLANG_WARN_OBJC_ROOT_CLASS = YES_ERROR;
				CLANG_WARN_SUSPICIOUS_MOVE = YES;
				CLANG_WARN_UNREACHABLE_CODE = YES;
				CLANG_WARN__DUPLICATE_METHOD_MATCH = YES;
				"CODE_SIGN_IDENTITY[sdk=iphoneos*]" = "iPhone Developer";
				COPY_PHASE_STRIP = NO;
				DEBUG_INFORMATION_FORMAT = dwarf;
				ENABLE_STRICT_OBJC_MSGSEND = YES;
				ENABLE_TESTABILITY = YES;
				GCC_C_LANGUAGE_STANDARD = gnu99;
				GCC_DYNAMIC_NO_PIC = NO;
				GCC_NO_COMMON_BLOCKS = YES;
				GCC_OPTIMIZATION_LEVEL = 0;
				GCC_PREPROCESSOR_DEFINITIONS = (
					"DEBUG=1",
					"$(inherited)",
				);
				GCC_WARN_64_TO_32_BIT_CONVERSION = YES;
				GCC_WARN_ABOUT_RETURN_TYPE = YES_ERROR;
				GCC_WARN_UNDECLARED_SELECTOR = YES;
				GCC_WARN_UNINITIALIZED_AUTOS = YES_AGGRESSIVE;
				GCC_WARN_UNUSED_FUNCTION = YES;
				GCC_WARN_UNUSED_VARIABLE = YES;
				IPHONEOS_DEPLOYMENT_TARGET = 10.3;
				MTL_ENABLE_DEBUG_INFO = YES;
				ONLY_ACTIVE_ARCH = YES;
				SDKROOT = iphoneos;
				SWIFT_ACTIVE_COMPILATION_CONDITIONS = DEBUG;
				SWIFT_OPTIMIZATION_LEVEL = "-Onone";
				TARGETED_DEVICE_FAMILY = 2;
			};
			name = Debug;
		};
		733A27C21E95CC610079C4E7 /* Release */ = {
			isa = XCBuildConfiguration;
			buildSettings = {
				ALWAYS_SEARCH_USER_PATHS = NO;
				CLANG_ANALYZER_NONNULL = YES;
				CLANG_ANALYZER_NUMBER_OBJECT_CONVERSION = YES_AGGRESSIVE;
				CLANG_CXX_LANGUAGE_STANDARD = "gnu++0x";
				CLANG_CXX_LIBRARY = "libc++";
				CLANG_ENABLE_MODULES = YES;
				CLANG_ENABLE_OBJC_ARC = YES;
				CLANG_WARN_BOOL_CONVERSION = YES;
				CLANG_WARN_CONSTANT_CONVERSION = YES;
				CLANG_WARN_DIRECT_OBJC_ISA_USAGE = YES_ERROR;
				CLANG_WARN_DOCUMENTATION_COMMENTS = YES;
				CLANG_WARN_EMPTY_BODY = YES;
				CLANG_WARN_ENUM_CONVERSION = YES;
				CLANG_WARN_INFINITE_RECURSION = YES;
				CLANG_WARN_INT_CONVERSION = YES;
				CLANG_WARN_OBJC_ROOT_CLASS = YES_ERROR;
				CLANG_WARN_SUSPICIOUS_MOVE = YES;
				CLANG_WARN_UNREACHABLE_CODE = YES;
				CLANG_WARN__DUPLICATE_METHOD_MATCH = YES;
				"CODE_SIGN_IDENTITY[sdk=iphoneos*]" = "iPhone Developer";
				COPY_PHASE_STRIP = NO;
				DEBUG_INFORMATION_FORMAT = "dwarf-with-dsym";
				ENABLE_NS_ASSERTIONS = NO;
				ENABLE_STRICT_OBJC_MSGSEND = YES;
				GCC_C_LANGUAGE_STANDARD = gnu99;
				GCC_NO_COMMON_BLOCKS = YES;
				GCC_WARN_64_TO_32_BIT_CONVERSION = YES;
				GCC_WARN_ABOUT_RETURN_TYPE = YES_ERROR;
				GCC_WARN_UNDECLARED_SELECTOR = YES;
				GCC_WARN_UNINITIALIZED_AUTOS = YES_AGGRESSIVE;
				GCC_WARN_UNUSED_FUNCTION = YES;
				GCC_WARN_UNUSED_VARIABLE = YES;
				IPHONEOS_DEPLOYMENT_TARGET = 10.3;
				MTL_ENABLE_DEBUG_INFO = NO;
				SDKROOT = iphoneos;
				SWIFT_OPTIMIZATION_LEVEL = "-Owholemodule";
				TARGETED_DEVICE_FAMILY = 2;
				VALIDATE_PRODUCT = YES;
			};
			name = Release;
		};
		733A27C41E95CC610079C4E7 /* Debug */ = {
			isa = XCBuildConfiguration;
			buildSettings = {
				ASSETCATALOG_COMPILER_APPICON_NAME = AppIcon;
				DEVELOPMENT_TEAM = F75BW287FH;
				INFOPLIST_FILE = "Landing Distance/Info.plist";
				LD_RUNPATH_SEARCH_PATHS = "$(inherited) @executable_path/Frameworks";
				PRODUCT_BUNDLE_IDENTIFIER = "com.ChetwynClarke.Landing-Distance";
				PRODUCT_NAME = "$(TARGET_NAME)";
				SWIFT_VERSION = 3.0;
			};
			name = Debug;
		};
		733A27C51E95CC610079C4E7 /* Release */ = {
			isa = XCBuildConfiguration;
			buildSettings = {
				ASSETCATALOG_COMPILER_APPICON_NAME = AppIcon;
				DEVELOPMENT_TEAM = F75BW287FH;
				INFOPLIST_FILE = "Landing Distance/Info.plist";
				LD_RUNPATH_SEARCH_PATHS = "$(inherited) @executable_path/Frameworks";
				PRODUCT_BUNDLE_IDENTIFIER = "com.ChetwynClarke.Landing-Distance";
				PRODUCT_NAME = "$(TARGET_NAME)";
				SWIFT_VERSION = 3.0;
			};
			name = Release;
		};
/* End XCBuildConfiguration section */

/* Begin XCConfigurationList section */
		733A27A91E95CC610079C4E7 /* Build configuration list for PBXProject "Landing Distance" */ = {
			isa = XCConfigurationList;
			buildConfigurations = (
				733A27C11E95CC610079C4E7 /* Debug */,
				733A27C21E95CC610079C4E7 /* Release */,
			);
			defaultConfigurationIsVisible = 0;
			defaultConfigurationName = Release;
		};
		733A27C31E95CC610079C4E7 /* Build configuration list for PBXNativeTarget "Landing Distance" */ = {
			isa = XCConfigurationList;
			buildConfigurations = (
				733A27C41E95CC610079C4E7 /* Debug */,
				733A27C51E95CC610079C4E7 /* Release */,
			);
			defaultConfigurationIsVisible = 0;
		};
/* End XCConfigurationList section */

/* Begin XCVersionGroup section */
		733A27B81E95CC610079C4E7 /* Landing_Distance.xcdatamodeld */ = {
			isa = XCVersionGroup;
			children = (
				733A27B91E95CC610079C4E7 /* Landing_Distance.xcdatamodel */,
			);
			currentVersion = 733A27B91E95CC610079C4E7 /* Landing_Distance.xcdatamodel */;
			path = Landing_Distance.xcdatamodeld;
			sourceTree = "<group>";
			versionGroupType = wrapper.xcdatamodel;
		};
/* End XCVersionGroup section */
	};
	rootObject = 733A27A61E95CC610079C4E7 /* Project object */;
}
